
Microsoft Visual Studio Solution File, Format Version 12.00
# Visual Studio Version 16
VisualStudioVersion = 16.0.29709.97
MinimumVisualStudioVersion = 10.0.40219.1
Project("{FAE04EC0-301F-11D3-BF4B-00C04F79EFBC}") = "KnockoutMVCFinal", "KnockoutMVCFinal.csproj", "{A01FE9E6-C1BA-4781-A02A-7B0424CB1E39}"
EndProject
Global
	GlobalSection(SolutionConfigurationPlatforms) = preSolution
		Debug|Any CPU = Debug|Any CPU
		Release|Any CPU = Release|Any CPU
	EndGlobalSection
	GlobalSection(ProjectConfigurationPlatforms) = postSolution
		{A01FE9E6-C1BA-4781-A02A-7B0424CB1E39}.Debug|Any CPU.ActiveCfg = Debug|Any CPU
		{A01FE9E6-C1BA-4781-A02A-7B0424CB1E39}.Debug|Any CPU.Build.0 = Debug|Any CPU
		{A01FE9E6-C1BA-4781-A02A-7B0424CB1E39}.Release|Any CPU.ActiveCfg = Release|Any CPU
		{A01FE9E6-C1BA-4781-A02A-7B0424CB1E39}.Release|Any CPU.Build.0 = Release|Any CPU
	EndGlobalSection
	GlobalSection(SolutionProperties) = preSolution
		HideSolutionNode = FALSE
	EndGlobalSection
	GlobalSection(ExtensibilityGlobals) = postSolution
		SolutionGuid = {35C1C11C-706E-46D2-8457-3C7FEC1809B7}
	EndGlobalSection
EndGlobal
